
Microsoft Visual Studio Solution File, Format Version 12.00
# Visual Studio Version 16
VisualStudioVersion = 16.0.30523.141
MinimumVisualStudioVersion = 10.0.40219.1
Project("{8BC9CEB8-8B4A-11D0-8D11-00A0C91BC942}") = "Game", "Game\Game.vcxproj", "{F0579561-F045-467A-9A64-CE73C3F5DF9B}"
EndProject
Project("{8BC9CEB8-8B4A-11D0-8D11-00A0C91BC942}") = "Test dum graphic", "Test dum graphic\Test dum graphic.vcxproj", "{84C72851-46F5-4905-97E7-CBBC24F83E91}"
EndProject
Project("{8BC9CEB8-8B4A-11D0-8D11-00A0C91BC942}") = "Test_Game", "Test_Game\Test_Game.vcxproj", "{D6F31FEF-B9BF-43FD-A7B1-5D27AF5ED2D0}"
EndProject
Project("{8BC9CEB8-8B4A-11D0-8D11-00A0C91BC942}") = "sound test", "sound test\sound test.vcxproj", "{905EA69D-4604-487B-99C3-4644192913EC}"
EndProject
Project("{8BC9CEB8-8B4A-11D0-8D11-00A0C91BC942}") = "test test test", "test test test\test test test.vcxproj", "{0BEA21E6-1CE2-4EB0-98AD-46D0E245A0C6}"
EndProject
Global
	GlobalSection(SolutionConfigurationPlatforms) = preSolution
		Debug|x64 = Debug|x64
		Debug|x86 = Debug|x86
		Release|x64 = Release|x64
		Release|x86 = Release|x86
	EndGlobalSection
	GlobalSection(ProjectConfigurationPlatforms) = postSolution
		{F0579561-F045-467A-9A64-CE73C3F5DF9B}.Debug|x64.ActiveCfg = Debug|x64
		{F0579561-F045-467A-9A64-CE73C3F5DF9B}.Debug|x64.Build.0 = Debug|x64
		{F0579561-F045-467A-9A64-CE73C3F5DF9B}.Debug|x86.ActiveCfg = Debug|Win32
		{F0579561-F045-467A-9A64-CE73C3F5DF9B}.Debug|x86.Build.0 = Debug|Win32
		{F0579561-F045-467A-9A64-CE73C3F5DF9B}.Release|x64.ActiveCfg = Release|x64
		{F0579561-F045-467A-9A64-CE73C3F5DF9B}.Release|x64.Build.0 = Release|x64
		{F0579561-F045-467A-9A64-CE73C3F5DF9B}.Release|x86.ActiveCfg = Release|Win32
		{F0579561-F045-467A-9A64-CE73C3F5DF9B}.Release|x86.Build.0 = Release|Win32
		{84C72851-46F5-4905-97E7-CBBC24F83E91}.Debug|x64.ActiveCfg = Debug|x64
		{84C72851-46F5-4905-97E7-CBBC24F83E91}.Debug|x64.Build.0 = Debug|x64
		{84C72851-46F5-4905-97E7-CBBC24F83E91}.Debug|x86.ActiveCfg = Debug|Win32
		{84C72851-46F5-4905-97E7-CBBC24F83E91}.Debug|x86.Build.0 = Debug|Win32
		{84C72851-46F5-4905-97E7-CBBC24F83E91}.Release|x64.ActiveCfg = Release|x64
		{84C72851-46F5-4905-97E7-CBBC24F83E91}.Release|x64.Build.0 = Release|x64
		{84C72851-46F5-4905-97E7-CBBC24F83E91}.Release|x86.ActiveCfg = Release|Win32
		{84C72851-46F5-4905-97E7-CBBC24F83E91}.Release|x86.Build.0 = Release|Win32
		{D6F31FEF-B9BF-43FD-A7B1-5D27AF5ED2D0}.Debug|x64.ActiveCfg = Debug|x64
		{D6F31FEF-B9BF-43FD-A7B1-5D27AF5ED2D0}.Debug|x64.Build.0 = Debug|x64
		{D6F31FEF-B9BF-43FD-A7B1-5D27AF5ED2D0}.Debug|x86.ActiveCfg = Debug|Win32
		{D6F31FEF-B9BF-43FD-A7B1-5D27AF5ED2D0}.Debug|x86.Build.0 = Debug|Win32
		{D6F31FEF-B9BF-43FD-A7B1-5D27AF5ED2D0}.Release|x64.ActiveCfg = Release|x64
		{D6F31FEF-B9BF-43FD-A7B1-5D27AF5ED2D0}.Release|x64.Build.0 = Release|x64
		{D6F31FEF-B9BF-43FD-A7B1-5D27AF5ED2D0}.Release|x86.ActiveCfg = Release|Win32
		{D6F31FEF-B9BF-43FD-A7B1-5D27AF5ED2D0}.Release|x86.Build.0 = Release|Win32
		{905EA69D-4604-487B-99C3-4644192913EC}.Debug|x64.ActiveCfg = Debug|x64
		{905EA69D-4604-487B-99C3-4644192913EC}.Debug|x64.Build.0 = Debug|x64
		{905EA69D-4604-487B-99C3-4644192913EC}.Debug|x86.ActiveCfg = Debug|Win32
		{905EA69D-4604-487B-99C3-4644192913EC}.Debug|x86.Build.0 = Debug|Win32
		{905EA69D-4604-487B-99C3-4644192913EC}.Release|x64.ActiveCfg = Release|x64
		{905EA69D-4604-487B-99C3-4644192913EC}.Release|x64.Build.0 = Release|x64
		{905EA69D-4604-487B-99C3-4644192913EC}.Release|x86.ActiveCfg = Release|Win32
		{905EA69D-4604-487B-99C3-4644192913EC}.Release|x86.Build.0 = Release|Win32
		{0BEA21E6-1CE2-4EB0-98AD-46D0E245A0C6}.Debug|x64.ActiveCfg = Debug|x64
		{0BEA21E6-1CE2-4EB0-98AD-46D0E245A0C6}.Debug|x64.Build.0 = Debug|x64
		{0BEA21E6-1CE2-4EB0-98AD-46D0E245A0C6}.Debug|x86.ActiveCfg = Debug|Win32
		{0BEA21E6-1CE2-4EB0-98AD-46D0E245A0C6}.Debug|x86.Build.0 = Debug|Win32
		{0BEA21E6-1CE2-4EB0-98AD-46D0E245A0C6}.Release|x64.ActiveCfg = Release|x64
		{0BEA21E6-1CE2-4EB0-98AD-46D0E245A0C6}.Release|x64.Build.0 = Release|x64
		{0BEA21E6-1CE2-4EB0-98AD-46D0E245A0C6}.Release|x86.ActiveCfg = Release|Win32
		{0BEA21E6-1CE2-4EB0-98AD-46D0E245A0C6}.Release|x86.Build.0 = Release|Win32
	EndGlobalSection
	GlobalSection(SolutionProperties) = preSolution
		HideSolutionNode = FALSE
	EndGlobalSection
	GlobalSection(ExtensibilityGlobals) = postSolution
		SolutionGuid = {E2D0430A-BD58-4A0B-9DDF-32A5BDE10388}
	EndGlobalSection
EndGlobal
